{
  "version": 1,
  "dependencies": {
    "net6.0": {
      "JWT": {
        "type": "Direct",
        "requested": "[8.7.0, )",
        "resolved": "8.7.0",
        "contentHash": "ZlqGgVBgWnolxuLkPZVDOxZiZKJrA3BGG2xohkePzt2+7KKbkxREw9N0AZh1XXLd+L1osMA8NdirR+RGWNPpRg==",
        "dependencies": {
          "Newtonsoft.Json": "10.0.3"
        }
      },
      "Swashbuckle.AspNetCore": {
        "type": "Direct",
        "requested": "[6.2.3, )",
        "resolved": "6.2.3",
        "contentHash": "cnzQDn0Le+hInsw2SYwlOhOCPXpYi/szcvnyqZJ12v+QyrLBwAmWXBg6RIyHB18s/mLeywC+Rg2O9ndz0IUNYQ==",
        "dependencies": {
          "Microsoft.Extensions.ApiDescription.Server": "3.0.0",
          "Swashbuckle.AspNetCore.Swagger": "6.2.3",
          "Swashbuckle.AspNetCore.SwaggerGen": "6.2.3",
          "Swashbuckle.AspNetCore.SwaggerUI": "6.2.3"
        }
      },
      "CsvHelper": {
        "type": "Transitive",
        "resolved": "27.2.1",
        "contentHash": "uS5ix5hL9gL5taiAG//CScyJa8Fn1ZOh3FDhDvf4laboESFs84mCNropfp7PIt8xCkyQofljFpqu1B5UnSXjyA=="
      },
      "Dapper": {
        "type": "Transitive",
        "resolved": "2.0.123",
        "contentHash": "RDFF4rBLLmbpi6pwkY7q/M6UXHRJEOerplDGE5jwEkP/JGJnBauAClYavNKJPW1yOTWRPIyfj4is3EaJxQXILQ=="
      },
      "Dapper.Contrib": {
        "type": "Transitive",
        "resolved": "2.0.78",
        "contentHash": "sUfDVIf8LlHNiz3MfUFodeyRiemfN1JFkPxYjCxFWlwNPg1iQ49mB+0E89TkywWs4X8fiRWOVDQgtH5FtzK5Kw==",
        "dependencies": {
          "Dapper": "2.0.78"
        }
      },
      "Dapper.SqlBuilder": {
        "type": "Transitive",
        "resolved": "2.0.78",
        "contentHash": "07LHm+/YOLyFieN51mjwrrVPKX3q0k7RxG+8zi/5MKjy7mWid/DRlRFNgvcCffEcjLjkbgEdITHkKTKSxSmPnw==",
        "dependencies": {
          "Dapper": "2.0.78"
        }
      },
      "FFMpegCore": {
        "type": "Transitive",
        "resolved": "4.6.0",
        "contentHash": "jUiIcXmBdsQJ/ObnPA4cwNPN24Aaov2gIzHLWgjV+GoYTzppyI0Uey6FJlQDIJngLuz2pp2f6ziTJsKWllPglA==",
        "dependencies": {
          "Instances": "1.6.0",
          "System.Drawing.Common": "5.0.2",
          "System.Text.Json": "5.0.1"
        }
      },
      "InfluxDB.Client": {
        "type": "Transitive",
        "resolved": "4.0.0",
        "contentHash": "kC7BFuz/m+iTYmClJcLoSdQdNPGuKMYZAWwe5VSp38eYo9oSfmgj5AwG1jugnvrN97FwMWEVj7+sQImA50Db6w==",
        "dependencies": {
          "InfluxDB.Client.Core": "4.0.0",
          "JsonSubTypes": "1.8.0",
          "Microsoft.Extensions.ObjectPool": "6.0.1",
          "Microsoft.Net.Http.Headers": "2.2.8",
          "System.Collections.Immutable": "6.0.0",
          "System.Configuration.ConfigurationManager": "6.0.0",
          "System.Reactive": "5.0.0"
        }
      },
      "InfluxDB.Client.Core": {
        "type": "Transitive",
        "resolved": "4.0.0",
        "contentHash": "pNntWDubwsbADvDsDi4TOPuaGfmu6d+ABbjQEwaS9CTlFmpRf8T173xXhZuUTio2XXlwYBulh4Tdq/n29G2tBA==",
        "dependencies": {
          "CsvHelper": "27.2.1",
          "Newtonsoft.Json": "13.0.1",
          "NodaTime": "3.0.9",
          "NodaTime.Serialization.JsonNet": "3.0.0",
          "RestSharp": "107.3.0"
        }
      },
      "Instances": {
        "type": "Transitive",
        "resolved": "1.6.0",
        "contentHash": "lSStCbGPexsGRjROxnYGlydlKiS7Qmcrg2Y51baAB1QM4NU4KuWXkIIOFocvMRlF7EUzSBcuELuNky/So0TllQ=="
      },
      "JsonSubTypes": {
        "type": "Transitive",
        "resolved": "1.8.0",
        "contentHash": "pBChxyl9mt0F1s1giHlN6yQ9WWb5FljluCNhMnSb7sspPfPRPTrc0a0psdu2/FVb5nZu5bQN50OMMaSp8jm8xQ==",
        "dependencies": {
          "Newtonsoft.Json": "10.0.1"
        }
      },
      "libsodium": {
        "type": "Transitive",
        "resolved": "1.0.18",
        "contentHash": "Ajv3AR9Qg/C4SQcE2ONx/UieeKnn5lSvVNc6egC3p6NP6qjZzWJ+Xg2vJURNYjkpHui/KctBwQjMPqpZK8/CHA==",
        "dependencies": {
          "Microsoft.NETCore.Platforms": "1.0.1"
        }
      },
      "Microsoft.Bcl.AsyncInterfaces": {
        "type": "Transitive",
        "resolved": "1.1.0",
        "contentHash": "1Am6l4Vpn3/K32daEqZI+FFr96OlZkgwK2LcT3pZ2zWubR5zTPW3/FkO1Rat9kb7oQOa4rxgl9LJHc5tspCWfg=="
      },
      "Microsoft.Extensions.ApiDescription.Server": {
        "type": "Transitive",
        "resolved": "3.0.0",
        "contentHash": "LH4OE/76F6sOCslif7+Xh3fS/wUUrE5ryeXAMcoCnuwOQGT5Smw0p57IgDh/pHgHaGz/e+AmEQb7pRgb++wt0w=="
      },
      "Microsoft.Extensions.DependencyInjection.Abstractions": {
        "type": "Transitive",
        "resolved": "2.0.0",
        "contentHash": "eUdJ0Q/GfVyUJc0Jal5L1QZLceL78pvEM9wEKcHeI24KorqMDoVX+gWsMGLulQMfOwsUaPtkpQM2pFERTzSfSg=="
      },
      "Microsoft.Extensions.Logging": {
        "type": "Transitive",
        "resolved": "2.0.0",
        "contentHash": "VP10syWV/vxYYMKgZ2eDESmUsz3gPxvBn5J6tkVN8lI4M+dF43RN8fWsEPbcAneDmZrHl3Pv23z05nmyGkJlpg==",
        "dependencies": {
          "Microsoft.Extensions.DependencyInjection.Abstractions": "2.0.0",
          "Microsoft.Extensions.Logging.Abstractions": "2.0.0",
          "Microsoft.Extensions.Options": "2.0.0"
        }
      },
      "Microsoft.Extensions.Logging.Abstractions": {
        "type": "Transitive",
        "resolved": "2.0.0",
        "contentHash": "6ZCllUYGFukkymSTx3Yr0G/ajRxoNJp7/FqSxSB4fGISST54ifBhgu4Nc0ItGi3i6DqwuNd8SUyObmiC++AO2Q=="
      },
      "Microsoft.Extensions.ObjectPool": {
        "type": "Transitive",
        "resolved": "6.0.1",
        "contentHash": "ZyWqqp7d54J7ej5dVNm8YZ4DydyIlVZqTgmCZFkO7tmZRSWxuFYKZa6z+K2Zla9YCUSuWH5IH6rMeHel9sNiKA=="
      },
      "Microsoft.Extensions.Options": {
        "type": "Transitive",
        "resolved": "2.0.0",
        "contentHash": "sAKBgjl2gWsECBLLR9K54T7/uZaP2n9GhMYHay/oOLfvpvX0+iNAlQ2NJgVE352C9Fs5CDV3VbNTK8T2aNKQFA==",
        "dependencies": {
          "Microsoft.Extensions.DependencyInjection.Abstractions": "2.0.0",
          "Microsoft.Extensions.Primitives": "2.0.0"
        }
      },
      "Microsoft.Extensions.Primitives": {
        "type": "Transitive",
        "resolved": "2.2.0",
        "contentHash": "azyQtqbm4fSaDzZHD/J+V6oWMFaf2tWP4WEGIYePLCMw3+b2RQdj9ybgbQyjCshcitQKQ4lEDOZjmSlTTrHxUg==",
        "dependencies": {
          "System.Memory": "4.5.1",
          "System.Runtime.CompilerServices.Unsafe": "4.5.1"
        }
      },
      "Microsoft.Net.Http.Headers": {
        "type": "Transitive",
        "resolved": "2.2.8",
        "contentHash": "wHdwMv0QDDG2NWDSwax9cjkeQceGC1Qq53a31+31XpvTXVljKXRjWISlMoS/wZYKiqdqzuEvKFKwGHl+mt2jCA==",
        "dependencies": {
          "Microsoft.Extensions.Primitives": "2.2.0",
          "System.Buffers": "4.5.0"
        }
      },
      "Microsoft.NETCore.Platforms": {
        "type": "Transitive",
        "resolved": "5.0.0",
        "contentHash": "VyPlqzH2wavqquTcYpkIIAQ6WdenuKoFN0BdYBbCWsclXacSOHNQn66Gt4z5NBqEYW0FAPm5rlvki9ZiCij5xQ=="
      },
      "Microsoft.OpenApi": {
        "type": "Transitive",
        "resolved": "1.2.3",
        "contentHash": "Nug3rO+7Kl5/SBAadzSMAVgqDlfGjJZ0GenQrLywJ84XGKO0uRqkunz5Wyl0SDwcR71bAATXvSdbdzPrYRYKGw=="
      },
      "Microsoft.Win32.Registry": {
        "type": "Transitive",
        "resolved": "5.0.0",
        "contentHash": "dDoKi0PnDz31yAyETfRntsLArTlVAVzUzCIvvEDsDsucrl33Dl8pIJG06ePTJTI3tGpeyHS9Cq7Foc/s4EeKcg==",
        "dependencies": {
          "System.Security.AccessControl": "5.0.0",
          "System.Security.Principal.Windows": "5.0.0"
        }
      },
      "Microsoft.Win32.SystemEvents": {
        "type": "Transitive",
        "resolved": "6.0.0",
        "contentHash": "hqTM5628jSsQiv+HGpiq3WKBl2c8v1KZfby2J6Pr7pEPlK9waPdgEO6b8A/+/xn/yZ9ulv8HuqK71ONy2tg67A=="
      },
      "Newtonsoft.Json": {
        "type": "Transitive",
        "resolved": "13.0.1",
        "contentHash": "ppPFpBcvxdsfUonNcvITKqLl3bqxWbDCZIzDWHzjpdAHRFfZe0Dw9HmA0+za13IdyrgJwpkDTDA9fHaxOrt20A=="
      },
      "NodaTime": {
        "type": "Transitive",
        "resolved": "3.0.9",
        "contentHash": "7KzJBkgSzLLyBXNYafDlnzlji3aB/8myvt5RJu5aaTFq6puVCq2WDJY9v9yDMg22+5or5IaKNItQ1jNA8nzQNA==",
        "dependencies": {
          "System.Runtime.CompilerServices.Unsafe": "4.7.1"
        }
      },
      "NodaTime.Serialization.JsonNet": {
        "type": "Transitive",
        "resolved": "3.0.0",
        "contentHash": "buSE64oL5eHDiImMgFRF74X/URygSpklFsblyqXafjSW6lMsB7iWfGO5lu7D7Zikj9bXggnMa90a5EqgpPJEYg==",
        "dependencies": {
          "Newtonsoft.Json": "12.0.1",
          "NodaTime": "[3.0.0, 4.0.0)"
        }
      },
      "Npgsql": {
        "type": "Transitive",
        "resolved": "6.0.1",
        "contentHash": "T0v1fSBzcQaJoa6kHGiYYi/vwTJ5VYd8DDjCxW1jazAuO2Ak1KVWMkEcQxxz/C+H/+QteJRMi/xAVHzv1kKSgg==",
        "dependencies": {
          "System.Runtime.CompilerServices.Unsafe": "6.0.0"
        }
      },
      "Pipelines.Sockets.Unofficial": {
        "type": "Transitive",
        "resolved": "2.2.2",
        "contentHash": "Bhk0FWxH1paI+18zr1g5cTL+ebeuDcBCR+rRFO+fKEhretgjs7MF2Mc1P64FGLecWp4zKCUOPzngBNrqVyY7Zg==",
        "dependencies": {
          "System.IO.Pipelines": "5.0.1"
        }
      },
      "RedLock.net": {
        "type": "Transitive",
        "resolved": "2.3.1",
        "contentHash": "sRsU6BHxty7HQfz74yxZcBVJyE2fW5KX9KTQSaFq/DAR3vSg8yEaJyfGo1i+nkULfPmmlUg1axx4f/v6bb1ErA==",
        "dependencies": {
          "Microsoft.Bcl.AsyncInterfaces": "1.1.0",
          "Microsoft.Extensions.Logging": "2.0.0",
          "Microsoft.Extensions.Logging.Abstractions": "2.0.0",
          "StackExchange.Redis": "2.0.513"
        }
      },
      "RestSharp": {
        "type": "Transitive",
        "resolved": "107.3.0",
        "contentHash": "qu+A+VAnVLX3OeWVNm11UJz0aVErqSfYqIiOUbJM9x98uLymCOoL/oXRAjMb6XHra27WXxHmzy9EKEOKXWR6Pw=="
      },
      "SixLabors.ImageSharp": {
        "type": "Transitive",
        "resolved": "2.1.3",
        "contentHash": "8yonNRWX3vUE9k29ta0Hbfa0AEc0hbDjSH/nZ3vOTJEXmY6hLnGsjDKoz96Z+AgOsrdkAu6PdL/Ebaf70aitzw==",
        "dependencies": {
          "System.Runtime.CompilerServices.Unsafe": "5.0.0",
          "System.Text.Encoding.CodePages": "5.0.0"
        }
      },
      "Sodium.Core": {
        "type": "Transitive",
        "resolved": "1.2.3",
        "contentHash": "D5ORYOBE9nclyCAxEGe0AepSUTOwNhI3Aii/tzR/KqQanXNivmAFMANXmAiCYbN4aVbDAd/DxYA9qufIIpN4JQ==",
        "dependencies": {
          "System.ValueTuple": "4.5.0",
          "libsodium": "1.0.18"
        }
      },
      "StackExchange.Redis": {
        "type": "Transitive",
        "resolved": "2.6.48",
        "contentHash": "T0rLGogyT6Zny+IMrDx1Z8r4nA3B0C7EVo5SHNjzT4ndOn9aGKe5K7KTVx0y41WaWmfSWpaX7HrPl0tfZ4zuUw==",
        "dependencies": {
          "Pipelines.Sockets.Unofficial": "2.2.2",
          "System.Diagnostics.PerformanceCounter": "5.0.0"
        }
      },
      "Swashbuckle.AspNetCore.Swagger": {
        "type": "Transitive",
        "resolved": "6.2.3",
        "contentHash": "qOF7j1sL0bWm8g/qqHVPCvkO3JlVvUIB8WfC98kSh6BT5y5DAnBNctfac7XR5EZf+eD7/WasvANncTqwZYfmWQ==",
        "dependencies": {
          "Microsoft.OpenApi": "1.2.3"
        }
      },
      "Swashbuckle.AspNetCore.SwaggerGen": {
        "type": "Transitive",
        "resolved": "6.2.3",
        "contentHash": "+Xq7WdMCCfcXlnbLJVFNgY8ITdP2TRYIlpbt6IKzDw5FwFxdi9lBfNDtcT+/wkKwX70iBBFmXldnnd02/VO72A==",
        "dependencies": {
          "Swashbuckle.AspNetCore.Swagger": "6.2.3"
        }
      },
      "Swashbuckle.AspNetCore.SwaggerUI": {
        "type": "Transitive",
        "resolved": "6.2.3",
        "contentHash": "bCRI87uKJVb4G+KURWm8LQrL64St04dEFZcF6gIM67Zc0Sr/N47EO83ybLMYOvfNdO1DCv8xwPcrz9J/VEhQ5g=="
      },
      "System.Buffers": {
        "type": "Transitive",
        "resolved": "4.5.0",
        "contentHash": "pL2ChpaRRWI/p4LXyy4RgeWlYF2sgfj/pnVMvBqwNFr5cXg7CXNnWZWxrOONLg8VGdFB8oB+EG2Qw4MLgTOe+A=="
      },
      "System.Collections.Immutable": {
        "type": "Transitive",
        "resolved": "6.0.0",
        "contentHash": "l4zZJ1WU2hqpQQHXz1rvC3etVZN+2DLmQMO79FhOTZHMn8tDRr+WU287sbomD0BETlmKDn0ygUgVy9k5xkkJdA==",
        "dependencies": {
          "System.Runtime.CompilerServices.Unsafe": "6.0.0"
        }
      },
      "System.Configuration.ConfigurationManager": {
        "type": "Transitive",
        "resolved": "6.0.0",
        "contentHash": "7T+m0kDSlIPTHIkPMIu6m6tV6qsMqJpvQWW2jIc2qi7sn40qxFo0q+7mEQAhMPXZHMKnWrnv47ntGlM/ejvw3g==",
        "dependencies": {
          "System.Security.Cryptography.ProtectedData": "6.0.0",
          "System.Security.Permissions": "6.0.0"
        }
      },
      "System.Diagnostics.PerformanceCounter": {
        "type": "Transitive",
        "resolved": "5.0.0",
        "contentHash": "kcQWWtGVC3MWMNXdMDWfrmIlFZZ2OdoeT6pSNVRtk9+Sa7jwdPiMlNwb0ZQcS7NRlT92pCfmjRtkSWUW3RAKwg==",
        "dependencies": {
          "Microsoft.NETCore.Platforms": "5.0.0",
          "Microsoft.Win32.Registry": "5.0.0",
          "System.Configuration.ConfigurationManager": "5.0.0",
          "System.Security.Principal.Windows": "5.0.0"
        }
      },
      "System.Drawing.Common": {
        "type": "Transitive",
        "resolved": "6.0.0",
        "contentHash": "NfuoKUiP2nUWwKZN6twGqXioIe1zVD0RIj2t976A+czLHr2nY454RwwXs6JU9Htc6mwqL6Dn/nEL3dpVf2jOhg==",
        "dependencies": {
          "Microsoft.Win32.SystemEvents": "6.0.0"
        }
      },
      "System.IO.Pipelines": {
        "type": "Transitive",
        "resolved": "5.0.1",
        "contentHash": "qEePWsaq9LoEEIqhbGe6D5J8c9IqQOUuTzzV6wn1POlfdLkJliZY3OlB0j0f17uMWlqZYjH7txj+2YbyrIA8Yg=="
      },
      "System.Memory": {
        "type": "Transitive",
        "resolved": "4.5.1",
        "contentHash": "sDJYJpGtTgx+23Ayu5euxG5mAXWdkDb4+b0rD0Cab0M1oQS9H0HXGPriKcqpXuiJDTV7fTp/d+fMDJmnr6sNvA=="
      },
      "System.Reactive": {
        "type": "Transitive",
        "resolved": "5.0.0",
        "contentHash": "erBZjkQHWL9jpasCE/0qKAryzVBJFxGHVBAvgRN1bzM0q2s1S4oYREEEL0Vb+1kA/6BKb5FjUZMp5VXmy+gzkQ=="
      },
      "System.Runtime.CompilerServices.Unsafe": {
        "type": "Transitive",
        "resolved": "6.0.0",
        "contentHash": "/iUeP3tq1S0XdNNoMz5C9twLSrM/TH+qElHkXWaPvuNOt+99G75NrV0OS2EqHx5wMN7popYjpc8oTjC1y16DLg=="
      },
      "System.Security.AccessControl": {
        "type": "Transitive",
        "resolved": "6.0.0",
        "contentHash": "AUADIc0LIEQe7MzC+I0cl0rAT8RrTAKFHl53yHjEUzNVIaUlhFY11vc2ebiVJzVBuOzun6F7FBA+8KAbGTTedQ=="
      },
      "System.Security.Cryptography.ProtectedData": {
        "type": "Transitive",
        "resolved": "6.0.0",
        "contentHash": "rp1gMNEZpvx9vP0JW0oHLxlf8oSiQgtno77Y4PLUBjSiDYoD77Y8uXHr1Ea5XG4/pIKhqAdxZ8v8OTUtqo9PeQ=="
      },
      "System.Security.Permissions": {
        "type": "Transitive",
        "resolved": "6.0.0",
        "contentHash": "T/uuc7AklkDoxmcJ7LGkyX1CcSviZuLCa4jg3PekfJ7SU0niF0IVTXwUiNVP9DSpzou2PpxJ+eNY2IfDM90ZCg==",
        "dependencies": {
          "System.Security.AccessControl": "6.0.0",
          "System.Windows.Extensions": "6.0.0"
        }
      },
      "System.Security.Principal.Windows": {
        "type": "Transitive",
        "resolved": "5.0.0",
        "contentHash": "t0MGLukB5WAVU9bO3MGzvlGnyJPgUlcwerXn1kzBRjwLKixT96XV0Uza41W49gVd8zEMFu9vQEFlv0IOrytICA=="
      },
      "System.Text.Encoding.CodePages": {
        "type": "Transitive",
        "resolved": "5.0.0",
        "contentHash": "NyscU59xX6Uo91qvhOs2Ccho3AR2TnZPomo1Z0K6YpyztBPM/A5VbkzOO19sy3A3i1TtEnTxA7bCe3Us+r5MWg==",
        "dependencies": {
          "Microsoft.NETCore.Platforms": "5.0.0"
        }
      },
      "System.Text.Json": {
        "type": "Transitive",
        "resolved": "5.0.1",
        "contentHash": "/UM3UK1dXKl8Ybysg/21gM4S8DJgkR+yLU8JwqCVbuNqQNImelntgYFAN5QxR8sJJ1kMx//hOUdf0lltosi8cQ=="
      },
      "System.ValueTuple": {
        "type": "Transitive",
        "resolved": "4.5.0",
        "contentHash": "okurQJO6NRE/apDIP23ajJ0hpiNmJ+f0BwOlB/cSqTLQlw5upkf+5+96+iG2Jw40G1fCVCyPz/FhIABUjMR+RQ=="
      },
      "System.Windows.Extensions": {
        "type": "Transitive",
        "resolved": "6.0.0",
        "contentHash": "IXoJOXIqc39AIe+CIR7koBtRGMiCt/LPM3lI+PELtDIy9XdyeSrwXFdWV9dzJ2Awl0paLWUaknLxFQ5HpHZUog==",
        "dependencies": {
          "System.Drawing.Common": "6.0.0"
        }
      },
      "roblox.abusedetection": {
        "type": "Project",
        "dependencies": {
          "Roblox.Services": "[1.0.0, )"
        }
      },
      "roblox.cache": {
        "type": "Project",
        "dependencies": {
          "StackExchange.Redis": "[2.6.48, )"
        }
      },
      "roblox.configuration": {
        "type": "Project"
      },
      "roblox.dto": {
        "type": "Project",
        "dependencies": {
          "Roblox.Logging": "[1.0.0, )",
          "Roblox.Models": "[1.0.0, )"
        }
      },
      "roblox.economychat": {
        "type": "Project",
        "dependencies": {
          "Roblox.Services": "[1.0.0, )"
        }
      },
      "roblox.exceptions": {
        "type": "Project"
      },
      "roblox.libraries": {
        "type": "Project",
        "dependencies": {
          "JWT": "[8.7.0, )",
          "Roblox.Logging": "[1.0.0, )",
          "Roblox.Models": "[1.0.0, )",
          "SixLabors.ImageSharp": "[2.1.3, )",
          "Sodium.Core": "[1.2.3, )"
        }
      },
      "roblox.logging": {
        "type": "Project"
      },
      "roblox.metrics": {
        "type": "Project",
        "dependencies": {
          "InfluxDB.Client": "[4.0.0, )",
          "Roblox.Logging": "[1.0.0, )"
        }
      },
      "roblox.models": {
        "type": "Project",
        "dependencies": {
          "Roblox.Configuration": "[1.0.0, )"
        }
      },
      "roblox.rendering": {
        "type": "Project",
        "dependencies": {
          "Roblox.Metrics": "[1.0.0, )"
        }
      },
      "roblox.services": {
        "type": "Project",
        "dependencies": {
          "Dapper": "[2.0.123, )",
          "Dapper.Contrib": "[2.0.78, )",
          "Dapper.SqlBuilder": "[2.0.78, )",
          "FFMpegCore": "[4.6.0, )",
          "Npgsql": "[6.0.1, )",
          "RedLock.net": "[2.3.1, )",
          "Roblox.Cache": "[1.0.0, )",
          "Roblox.Configuration": "[1.0.0, )",
          "Roblox.Dto": "[1.0.0, )",
          "Roblox.Exceptions": "[1.0.0, )",
          "Roblox.Libraries": "[1.0.0, )",
          "Roblox.Logging": "[1.0.0, )",
          "Roblox.Metrics": "[1.0.0, )",
          "Roblox.Models": "[1.0.0, )",
          "Roblox.Rendering": "[1.0.0, )",
          "SixLabors.ImageSharp": "[2.1.3, )",
          "StackExchange.Redis": "[2.6.48, )"
        }
      }
    }
  }
}