{
  "version": 1,
  "dependencies": {
    "net6.0": {
      "InfluxDB.Client": {
        "type": "Direct",
        "requested": "[4.0.0, )",
        "resolved": "4.0.0",
        "contentHash": "kC7BFuz/m+iTYmClJcLoSdQdNPGuKMYZAWwe5VSp38eYo9oSfmgj5AwG1jugnvrN97FwMWEVj7+sQImA50Db6w==",
        "dependencies": {
          "InfluxDB.Client.Core": "4.0.0",
          "JsonSubTypes": "1.8.0",
          "Microsoft.Extensions.ObjectPool": "6.0.1",
          "Microsoft.Net.Http.Headers": "2.2.8",
          "System.Collections.Immutable": "6.0.0",
          "System.Configuration.ConfigurationManager": "6.0.0",
          "System.Reactive": "5.0.0"
        }
      },
      "CsvHelper": {
        "type": "Transitive",
        "resolved": "27.2.1",
        "contentHash": "uS5ix5hL9gL5taiAG//CScyJa8Fn1ZOh3FDhDvf4laboESFs84mCNropfp7PIt8xCkyQofljFpqu1B5UnSXjyA=="
      },
      "InfluxDB.Client.Core": {
        "type": "Transitive",
        "resolved": "4.0.0",
        "contentHash": "pNntWDubwsbADvDsDi4TOPuaGfmu6d+ABbjQEwaS9CTlFmpRf8T173xXhZuUTio2XXlwYBulh4Tdq/n29G2tBA==",
        "dependencies": {
          "CsvHelper": "27.2.1",
          "Newtonsoft.Json": "13.0.1",
          "NodaTime": "3.0.9",
          "NodaTime.Serialization.JsonNet": "3.0.0",
          "RestSharp": "107.3.0"
        }
      },
      "JsonSubTypes": {
        "type": "Transitive",
        "resolved": "1.8.0",
        "contentHash": "pBChxyl9mt0F1s1giHlN6yQ9WWb5FljluCNhMnSb7sspPfPRPTrc0a0psdu2/FVb5nZu5bQN50OMMaSp8jm8xQ==",
        "dependencies": {
          "Newtonsoft.Json": "10.0.1"
        }
      },
      "Microsoft.Extensions.ObjectPool": {
        "type": "Transitive",
        "resolved": "6.0.1",
        "contentHash": "ZyWqqp7d54J7ej5dVNm8YZ4DydyIlVZqTgmCZFkO7tmZRSWxuFYKZa6z+K2Zla9YCUSuWH5IH6rMeHel9sNiKA=="
      },
      "Microsoft.Extensions.Primitives": {
        "type": "Transitive",
        "resolved": "2.2.0",
        "contentHash": "azyQtqbm4fSaDzZHD/J+V6oWMFaf2tWP4WEGIYePLCMw3+b2RQdj9ybgbQyjCshcitQKQ4lEDOZjmSlTTrHxUg==",
        "dependencies": {
          "System.Memory": "4.5.1",
          "System.Runtime.CompilerServices.Unsafe": "4.5.1"
        }
      },
      "Microsoft.Net.Http.Headers": {
        "type": "Transitive",
        "resolved": "2.2.8",
        "contentHash": "wHdwMv0QDDG2NWDSwax9cjkeQceGC1Qq53a31+31XpvTXVljKXRjWISlMoS/wZYKiqdqzuEvKFKwGHl+mt2jCA==",
        "dependencies": {
          "Microsoft.Extensions.Primitives": "2.2.0",
          "System.Buffers": "4.5.0"
        }
      },
      "Microsoft.Win32.SystemEvents": {
        "type": "Transitive",
        "resolved": "6.0.0",
        "contentHash": "hqTM5628jSsQiv+HGpiq3WKBl2c8v1KZfby2J6Pr7pEPlK9waPdgEO6b8A/+/xn/yZ9ulv8HuqK71ONy2tg67A=="
      },
      "Newtonsoft.Json": {
        "type": "Transitive",
        "resolved": "13.0.1",
        "contentHash": "ppPFpBcvxdsfUonNcvITKqLl3bqxWbDCZIzDWHzjpdAHRFfZe0Dw9HmA0+za13IdyrgJwpkDTDA9fHaxOrt20A=="
      },
      "NodaTime": {
        "type": "Transitive",
        "resolved": "3.0.9",
        "contentHash": "7KzJBkgSzLLyBXNYafDlnzlji3aB/8myvt5RJu5aaTFq6puVCq2WDJY9v9yDMg22+5or5IaKNItQ1jNA8nzQNA==",
        "dependencies": {
          "System.Runtime.CompilerServices.Unsafe": "4.7.1"
        }
      },
      "NodaTime.Serialization.JsonNet": {
        "type": "Transitive",
        "resolved": "3.0.0",
        "contentHash": "buSE64oL5eHDiImMgFRF74X/URygSpklFsblyqXafjSW6lMsB7iWfGO5lu7D7Zikj9bXggnMa90a5EqgpPJEYg==",
        "dependencies": {
          "Newtonsoft.Json": "12.0.1",
          "NodaTime": "[3.0.0, 4.0.0)"
        }
      },
      "RestSharp": {
        "type": "Transitive",
        "resolved": "107.3.0",
        "contentHash": "qu+A+VAnVLX3OeWVNm11UJz0aVErqSfYqIiOUbJM9x98uLymCOoL/oXRAjMb6XHra27WXxHmzy9EKEOKXWR6Pw=="
      },
      "System.Buffers": {
        "type": "Transitive",
        "resolved": "4.5.0",
        "contentHash": "pL2ChpaRRWI/p4LXyy4RgeWlYF2sgfj/pnVMvBqwNFr5cXg7CXNnWZWxrOONLg8VGdFB8oB+EG2Qw4MLgTOe+A=="
      },
      "System.Collections.Immutable": {
        "type": "Transitive",
        "resolved": "6.0.0",
        "contentHash": "l4zZJ1WU2hqpQQHXz1rvC3etVZN+2DLmQMO79FhOTZHMn8tDRr+WU287sbomD0BETlmKDn0ygUgVy9k5xkkJdA==",
        "dependencies": {
          "System.Runtime.CompilerServices.Unsafe": "6.0.0"
        }
      },
      "System.Configuration.ConfigurationManager": {
        "type": "Transitive",
        "resolved": "6.0.0",
        "contentHash": "7T+m0kDSlIPTHIkPMIu6m6tV6qsMqJpvQWW2jIc2qi7sn40qxFo0q+7mEQAhMPXZHMKnWrnv47ntGlM/ejvw3g==",
        "dependencies": {
          "System.Security.Cryptography.ProtectedData": "6.0.0",
          "System.Security.Permissions": "6.0.0"
        }
      },
      "System.Drawing.Common": {
        "type": "Transitive",
        "resolved": "6.0.0",
        "contentHash": "NfuoKUiP2nUWwKZN6twGqXioIe1zVD0RIj2t976A+czLHr2nY454RwwXs6JU9Htc6mwqL6Dn/nEL3dpVf2jOhg==",
        "dependencies": {
          "Microsoft.Win32.SystemEvents": "6.0.0"
        }
      },
      "System.Memory": {
        "type": "Transitive",
        "resolved": "4.5.1",
        "contentHash": "sDJYJpGtTgx+23Ayu5euxG5mAXWdkDb4+b0rD0Cab0M1oQS9H0HXGPriKcqpXuiJDTV7fTp/d+fMDJmnr6sNvA=="
      },
      "System.Reactive": {
        "type": "Transitive",
        "resolved": "5.0.0",
        "contentHash": "erBZjkQHWL9jpasCE/0qKAryzVBJFxGHVBAvgRN1bzM0q2s1S4oYREEEL0Vb+1kA/6BKb5FjUZMp5VXmy+gzkQ=="
      },
      "System.Runtime.CompilerServices.Unsafe": {
        "type": "Transitive",
        "resolved": "6.0.0",
        "contentHash": "/iUeP3tq1S0XdNNoMz5C9twLSrM/TH+qElHkXWaPvuNOt+99G75NrV0OS2EqHx5wMN7popYjpc8oTjC1y16DLg=="
      },
      "System.Security.AccessControl": {
        "type": "Transitive",
        "resolved": "6.0.0",
        "contentHash": "AUADIc0LIEQe7MzC+I0cl0rAT8RrTAKFHl53yHjEUzNVIaUlhFY11vc2ebiVJzVBuOzun6F7FBA+8KAbGTTedQ=="
      },
      "System.Security.Cryptography.ProtectedData": {
        "type": "Transitive",
        "resolved": "6.0.0",
        "contentHash": "rp1gMNEZpvx9vP0JW0oHLxlf8oSiQgtno77Y4PLUBjSiDYoD77Y8uXHr1Ea5XG4/pIKhqAdxZ8v8OTUtqo9PeQ=="
      },
      "System.Security.Permissions": {
        "type": "Transitive",
        "resolved": "6.0.0",
        "contentHash": "T/uuc7AklkDoxmcJ7LGkyX1CcSviZuLCa4jg3PekfJ7SU0niF0IVTXwUiNVP9DSpzou2PpxJ+eNY2IfDM90ZCg==",
        "dependencies": {
          "System.Security.AccessControl": "6.0.0",
          "System.Windows.Extensions": "6.0.0"
        }
      },
      "System.Windows.Extensions": {
        "type": "Transitive",
        "resolved": "6.0.0",
        "contentHash": "IXoJOXIqc39AIe+CIR7koBtRGMiCt/LPM3lI+PELtDIy9XdyeSrwXFdWV9dzJ2Awl0paLWUaknLxFQ5HpHZUog==",
        "dependencies": {
          "System.Drawing.Common": "6.0.0"
        }
      },
      "roblox.logging": {
        "type": "Project"
      }
    }
  }
}